schema: '2.0'
stages:
  clean:
    cmd: uv run python src/clean.py
    deps:
    - path: data/raw/events.csv
      hash: md5
      md5: 431ff8b1e99f6c5ac0a423d9e37ac2a9
      size: 73240
    - path: src/clean.py
      hash: md5
      md5: d719ba0e8d4290e88e1aaafebe666fe0
      size: 971
    outs:
    - path: data/clean/events.csv
      hash: md5
      md5: f5d05d810f7eabeadc031fa732702a61
      size: 47039
  transform:
    cmd: uv run python src/transform.py
    deps:
    - path: data/clean/events.csv
      hash: md5
      md5: f5d05d810f7eabeadc031fa732702a61
      size: 47039
    - path: src/transform.py
      hash: md5
      md5: 8d6f48c1382e3c2d1d223188d3cb3f49
      size: 299
    outs:
    - path: data/transformed/events.csv
      hash: md5
      md5: 1eaeb91fd6eeaf92e1c3de227b66f1c6
      size: 61509
  features:
    cmd: uv run python src/features.py
    deps:
    - path: data/transformed/events.csv
      hash: md5
      md5: 1eaeb91fd6eeaf92e1c3de227b66f1c6
      size: 61509
    - path: src/features.py
      hash: md5
      md5: 80009354d41bf1f842935f1fad069c04
      size: 551
    outs:
    - path: data/features/events.csv
      hash: md5
      md5: 3e7cb6c45ee4e60292b4df7523d36c26
      size: 90604
